
Microsoft Visual Studio Solution File, Format Version 12.00
# Visual Studio 14
VisualStudioVersion = 14.0.25420.1
MinimumVisualStudioVersion = 10.0.40219.1
Project("{8BC9CEB8-8B4A-11D0-8D11-00A0C91BC942}") = "GameServer", "GameServer\GameServer.vcxproj", "{889EC648-FF97-482A-9CA9-C4DF6A9CF044}"
EndProject
Project("{8BC9CEB8-8B4A-11D0-8D11-00A0C91BC942}") = "DBConnection", "DBConnection\DBConnection.vcxproj", "{1F874FEF-9839-4142-B587-923C5C855333}"
EndProject
Project("{8BC9CEB8-8B4A-11D0-8D11-00A0C91BC942}") = "CURSUS2_AuthServer", "AuthServer\AuthServer.vcxproj", "{0DC905B8-CA6B-4E44-8F56-A1CC73A7EB16}"
	ProjectSection(ProjectDependencies) = postProject
		{889EC648-FF97-482A-9CA9-C4DF6A9CF044} = {889EC648-FF97-482A-9CA9-C4DF6A9CF044}
	EndProjectSection
EndProject
Project("{8BC9CEB8-8B4A-11D0-8D11-00A0C91BC942}") = "CURSUS2_FrontServer", "FrontServer\FrontServer.vcxproj", "{511A151B-2F03-453B-AA2C-669403B4CD00}"
	ProjectSection(ProjectDependencies) = postProject
		{889EC648-FF97-482A-9CA9-C4DF6A9CF044} = {889EC648-FF97-482A-9CA9-C4DF6A9CF044}
	EndProjectSection
EndProject
Project("{8BC9CEB8-8B4A-11D0-8D11-00A0C91BC942}") = "CURSUS2_DBServer", "DBServer\DBServer.vcxproj", "{3B918C34-382B-4157-B12D-D87F14300503}"
	ProjectSection(ProjectDependencies) = postProject
		{889EC648-FF97-482A-9CA9-C4DF6A9CF044} = {889EC648-FF97-482A-9CA9-C4DF6A9CF044}
		{1F874FEF-9839-4142-B587-923C5C855333} = {1F874FEF-9839-4142-B587-923C5C855333}
	EndProjectSection
EndProject
Project("{8BC9CEB8-8B4A-11D0-8D11-00A0C91BC942}") = "CURSUS2_WorldServer", "WorldServer\WorldServer.vcxproj", "{07814D22-1C3F-4C09-B28C-B8BF41179F2A}"
	ProjectSection(ProjectDependencies) = postProject
		{889EC648-FF97-482A-9CA9-C4DF6A9CF044} = {889EC648-FF97-482A-9CA9-C4DF6A9CF044}
	EndProjectSection
EndProject
Project("{8BC9CEB8-8B4A-11D0-8D11-00A0C91BC942}") = "Common", "Common\Common.vcxproj", "{0C194DB0-FAC9-4CD9-8C35-0850DF7F6FF1}"
EndProject
Project("{9092AA53-FB77-4645-B42D-1CCCA6BD08BD}") = "CURSUS2_WebServer", "CURSUS2_WebServer\CURSUS2_WebServer.njsproj", "{5A986A0D-A44C-46D9-8581-9E4180869686}"
EndProject
Global
	GlobalSection(SolutionConfigurationPlatforms) = preSolution
		Debug|Any CPU = Debug|Any CPU
		Debug|x64 = Debug|x64
		Debug|x86 = Debug|x86
		Release|Any CPU = Release|Any CPU
		Release|x64 = Release|x64
		Release|x86 = Release|x86
	EndGlobalSection
	GlobalSection(ProjectConfigurationPlatforms) = postSolution
		{889EC648-FF97-482A-9CA9-C4DF6A9CF044}.Debug|Any CPU.ActiveCfg = Debug|Win32
		{889EC648-FF97-482A-9CA9-C4DF6A9CF044}.Debug|x64.ActiveCfg = Debug|x64
		{889EC648-FF97-482A-9CA9-C4DF6A9CF044}.Debug|x64.Build.0 = Debug|x64
		{889EC648-FF97-482A-9CA9-C4DF6A9CF044}.Debug|x86.ActiveCfg = Debug|Win32
		{889EC648-FF97-482A-9CA9-C4DF6A9CF044}.Debug|x86.Build.0 = Debug|Win32
		{889EC648-FF97-482A-9CA9-C4DF6A9CF044}.Release|Any CPU.ActiveCfg = Release|Win32
		{889EC648-FF97-482A-9CA9-C4DF6A9CF044}.Release|x64.ActiveCfg = Debug|x64
		{889EC648-FF97-482A-9CA9-C4DF6A9CF044}.Release|x64.Build.0 = Debug|x64
		{889EC648-FF97-482A-9CA9-C4DF6A9CF044}.Release|x86.ActiveCfg = Release|Win32
		{889EC648-FF97-482A-9CA9-C4DF6A9CF044}.Release|x86.Build.0 = Release|Win32
		{1F874FEF-9839-4142-B587-923C5C855333}.Debug|Any CPU.ActiveCfg = Debug|Win32
		{1F874FEF-9839-4142-B587-923C5C855333}.Debug|x64.ActiveCfg = Debug|x64
		{1F874FEF-9839-4142-B587-923C5C855333}.Debug|x64.Build.0 = Debug|x64
		{1F874FEF-9839-4142-B587-923C5C855333}.Debug|x86.ActiveCfg = Debug|Win32
		{1F874FEF-9839-4142-B587-923C5C855333}.Debug|x86.Build.0 = Debug|Win32
		{1F874FEF-9839-4142-B587-923C5C855333}.Release|Any CPU.ActiveCfg = Release|Win32
		{1F874FEF-9839-4142-B587-923C5C855333}.Release|x64.ActiveCfg = Debug|x64
		{1F874FEF-9839-4142-B587-923C5C855333}.Release|x64.Build.0 = Debug|x64
		{1F874FEF-9839-4142-B587-923C5C855333}.Release|x86.ActiveCfg = Release|Win32
		{1F874FEF-9839-4142-B587-923C5C855333}.Release|x86.Build.0 = Release|Win32
		{0DC905B8-CA6B-4E44-8F56-A1CC73A7EB16}.Debug|Any CPU.ActiveCfg = Debug|Win32
		{0DC905B8-CA6B-4E44-8F56-A1CC73A7EB16}.Debug|x64.ActiveCfg = Debug|x64
		{0DC905B8-CA6B-4E44-8F56-A1CC73A7EB16}.Debug|x64.Build.0 = Debug|x64
		{0DC905B8-CA6B-4E44-8F56-A1CC73A7EB16}.Debug|x86.ActiveCfg = Debug|Win32
		{0DC905B8-CA6B-4E44-8F56-A1CC73A7EB16}.Debug|x86.Build.0 = Debug|Win32
		{0DC905B8-CA6B-4E44-8F56-A1CC73A7EB16}.Release|Any CPU.ActiveCfg = Release|Win32
		{0DC905B8-CA6B-4E44-8F56-A1CC73A7EB16}.Release|x64.ActiveCfg = Debug|x64
		{0DC905B8-CA6B-4E44-8F56-A1CC73A7EB16}.Release|x64.Build.0 = Debug|x64
		{0DC905B8-CA6B-4E44-8F56-A1CC73A7EB16}.Release|x86.ActiveCfg = Release|Win32
		{0DC905B8-CA6B-4E44-8F56-A1CC73A7EB16}.Release|x86.Build.0 = Release|Win32
		{511A151B-2F03-453B-AA2C-669403B4CD00}.Debug|Any CPU.ActiveCfg = Debug|Win32
		{511A151B-2F03-453B-AA2C-669403B4CD00}.Debug|x64.ActiveCfg = Debug|x64
		{511A151B-2F03-453B-AA2C-669403B4CD00}.Debug|x64.Build.0 = Debug|x64
		{511A151B-2F03-453B-AA2C-669403B4CD00}.Debug|x86.ActiveCfg = Debug|Win32
		{511A151B-2F03-453B-AA2C-669403B4CD00}.Debug|x86.Build.0 = Debug|Win32
		{511A151B-2F03-453B-AA2C-669403B4CD00}.Release|Any CPU.ActiveCfg = Release|Win32
		{511A151B-2F03-453B-AA2C-669403B4CD00}.Release|x64.ActiveCfg = Debug|x64
		{511A151B-2F03-453B-AA2C-669403B4CD00}.Release|x64.Build.0 = Debug|x64
		{511A151B-2F03-453B-AA2C-669403B4CD00}.Release|x86.ActiveCfg = Release|Win32
		{511A151B-2F03-453B-AA2C-669403B4CD00}.Release|x86.Build.0 = Release|Win32
		{3B918C34-382B-4157-B12D-D87F14300503}.Debug|Any CPU.ActiveCfg = Debug|Win32
		{3B918C34-382B-4157-B12D-D87F14300503}.Debug|x64.ActiveCfg = Debug|x64
		{3B918C34-382B-4157-B12D-D87F14300503}.Debug|x64.Build.0 = Debug|x64
		{3B918C34-382B-4157-B12D-D87F14300503}.Debug|x86.ActiveCfg = Debug|Win32
		{3B918C34-382B-4157-B12D-D87F14300503}.Debug|x86.Build.0 = Debug|Win32
		{3B918C34-382B-4157-B12D-D87F14300503}.Release|Any CPU.ActiveCfg = Release|Win32
		{3B918C34-382B-4157-B12D-D87F14300503}.Release|x64.ActiveCfg = Debug|x64
		{3B918C34-382B-4157-B12D-D87F14300503}.Release|x64.Build.0 = Debug|x64
		{3B918C34-382B-4157-B12D-D87F14300503}.Release|x86.ActiveCfg = Release|Win32
		{3B918C34-382B-4157-B12D-D87F14300503}.Release|x86.Build.0 = Release|Win32
		{07814D22-1C3F-4C09-B28C-B8BF41179F2A}.Debug|Any CPU.ActiveCfg = Debug|Win32
		{07814D22-1C3F-4C09-B28C-B8BF41179F2A}.Debug|x64.ActiveCfg = Debug|x64
		{07814D22-1C3F-4C09-B28C-B8BF41179F2A}.Debug|x64.Build.0 = Debug|x64
		{07814D22-1C3F-4C09-B28C-B8BF41179F2A}.Debug|x86.ActiveCfg = Debug|Win32
		{07814D22-1C3F-4C09-B28C-B8BF41179F2A}.Debug|x86.Build.0 = Debug|Win32
		{07814D22-1C3F-4C09-B28C-B8BF41179F2A}.Release|Any CPU.ActiveCfg = Release|Win32
		{07814D22-1C3F-4C09-B28C-B8BF41179F2A}.Release|x64.ActiveCfg = Debug|x64
		{07814D22-1C3F-4C09-B28C-B8BF41179F2A}.Release|x64.Build.0 = Debug|x64
		{07814D22-1C3F-4C09-B28C-B8BF41179F2A}.Release|x86.ActiveCfg = Release|Win32
		{07814D22-1C3F-4C09-B28C-B8BF41179F2A}.Release|x86.Build.0 = Release|Win32
		{0C194DB0-FAC9-4CD9-8C35-0850DF7F6FF1}.Debug|Any CPU.ActiveCfg = Debug|Win32
		{0C194DB0-FAC9-4CD9-8C35-0850DF7F6FF1}.Debug|x64.ActiveCfg = Debug|x64
		{0C194DB0-FAC9-4CD9-8C35-0850DF7F6FF1}.Debug|x86.ActiveCfg = Debug|Win32
		{0C194DB0-FAC9-4CD9-8C35-0850DF7F6FF1}.Debug|x86.Build.0 = Debug|Win32
		{0C194DB0-FAC9-4CD9-8C35-0850DF7F6FF1}.Release|Any CPU.ActiveCfg = Release|Win32
		{0C194DB0-FAC9-4CD9-8C35-0850DF7F6FF1}.Release|x64.ActiveCfg = Debug|x64
		{0C194DB0-FAC9-4CD9-8C35-0850DF7F6FF1}.Release|x64.Build.0 = Debug|x64
		{0C194DB0-FAC9-4CD9-8C35-0850DF7F6FF1}.Release|x86.ActiveCfg = Release|Win32
		{0C194DB0-FAC9-4CD9-8C35-0850DF7F6FF1}.Release|x86.Build.0 = Release|Win32
		{5A986A0D-A44C-46D9-8581-9E4180869686}.Debug|Any CPU.ActiveCfg = Debug|Any CPU
		{5A986A0D-A44C-46D9-8581-9E4180869686}.Debug|Any CPU.Build.0 = Debug|Any CPU
		{5A986A0D-A44C-46D9-8581-9E4180869686}.Debug|x64.ActiveCfg = Debug|Any CPU
		{5A986A0D-A44C-46D9-8581-9E4180869686}.Debug|x64.Build.0 = Debug|Any CPU
		{5A986A0D-A44C-46D9-8581-9E4180869686}.Debug|x86.ActiveCfg = Debug|Any CPU
		{5A986A0D-A44C-46D9-8581-9E4180869686}.Debug|x86.Build.0 = Debug|Any CPU
		{5A986A0D-A44C-46D9-8581-9E4180869686}.Release|Any CPU.ActiveCfg = Release|Any CPU
		{5A986A0D-A44C-46D9-8581-9E4180869686}.Release|Any CPU.Build.0 = Release|Any CPU
		{5A986A0D-A44C-46D9-8581-9E4180869686}.Release|x64.ActiveCfg = Release|Any CPU
		{5A986A0D-A44C-46D9-8581-9E4180869686}.Release|x64.Build.0 = Release|Any CPU
		{5A986A0D-A44C-46D9-8581-9E4180869686}.Release|x86.ActiveCfg = Release|Any CPU
		{5A986A0D-A44C-46D9-8581-9E4180869686}.Release|x86.Build.0 = Release|Any CPU
	EndGlobalSection
	GlobalSection(SolutionProperties) = preSolution
		HideSolutionNode = FALSE
	EndGlobalSection
EndGlobal
